// !$*UTF8*$!
{
	archiveVersion = 1;
	classes = {
	};
	objectVersion = 50;
	objects = {

/* Begin PBXBuildFile section */
		96B673C821A2CEF600BFBAE9 /* API.swift in Sources */ = {isa = PBXBuildFile; fileRef = 96B673C721A2CEF600BFBAE9 /* API.swift */; };
		96B673CD21A2FDC600BFBAE9 /* DataObjects.swift in Sources */ = {isa = PBXBuildFile; fileRef = 96B673CC21A2FDC600BFBAE9 /* DataObjects.swift */; };
		96B673D621A4711000BFBAE9 /* FeaturedTableViewController.swift in Sources */ = {isa = PBXBuildFile; fileRef = 96B673D521A4711000BFBAE9 /* FeaturedTableViewController.swift */; };
		96B673D821A4711700BFBAE9 /* FeaturedCell.swift in Sources */ = {isa = PBXBuildFile; fileRef = 96B673D721A4711700BFBAE9 /* FeaturedCell.swift */; };
		96C09E4321A0CD9200E807A0 /* AppDelegate.swift in Sources */ = {isa = PBXBuildFile; fileRef = 96C09E4221A0CD9200E807A0 /* AppDelegate.swift */; };
		96C09E4821A0CD9200E807A0 /* Main.storyboard in Resources */ = {isa = PBXBuildFile; fileRef = 96C09E4621A0CD9200E807A0 /* Main.storyboard */; };
		96C09E4A21A0CD9500E807A0 /* Assets.xcassets in Resources */ = {isa = PBXBuildFile; fileRef = 96C09E4921A0CD9500E807A0 /* Assets.xcassets */; };
		96C09E4D21A0CD9500E807A0 /* LaunchScreen.storyboard in Resources */ = {isa = PBXBuildFile; fileRef = 96C09E4B21A0CD9500E807A0 /* LaunchScreen.storyboard */; };
		96C09E6621A11F2C00E807A0 /* CarouselCell.xib in Resources */ = {isa = PBXBuildFile; fileRef = 96C09E6521A11F2C00E807A0 /* CarouselCell.xib */; };
		96C09E6821A1200900E807A0 /* CarouselCell.swift in Sources */ = {isa = PBXBuildFile; fileRef = 96C09E6721A1200900E807A0 /* CarouselCell.swift */; };
/* End PBXBuildFile section */

/* Begin PBXFileReference section */
		96B673C721A2CEF600BFBAE9 /* API.swift */ = {isa = PBXFileReference; lastKnownFileType = sourcecode.swift; path = API.swift; sourceTree = "<group>"; };
		96B673CC21A2FDC600BFBAE9 /* DataObjects.swift */ = {isa = PBXFileReference; lastKnownFileType = sourcecode.swift; path = DataObjects.swift; sourceTree = "<group>"; };
		96B673D521A4711000BFBAE9 /* FeaturedTableViewController.swift */ = {isa = PBXFileReference; fileEncoding = 4; lastKnownFileType = sourcecode.swift; path = FeaturedTableViewController.swift; sourceTree = "<group>"; };
		96B673D721A4711700BFBAE9 /* FeaturedCell.swift */ = {isa = PBXFileReference; fileEncoding = 4; lastKnownFileType = sourcecode.swift; path = FeaturedCell.swift; sourceTree = "<group>"; };
		96C09E3F21A0CD9100E807A0 /* ShudderFeatured.app */ = {isa = PBXFileReference; explicitFileType = wrapper.application; includeInIndex = 0; path = ShudderFeatured.app; sourceTree = BUILT_PRODUCTS_DIR; };
		96C09E4221A0CD9200E807A0 /* AppDelegate.swift */ = {isa = PBXFileReference; lastKnownFileType = sourcecode.swift; path = AppDelegate.swift; sourceTree = "<group>"; };
		96C09E4721A0CD9200E807A0 /* Base */ = {isa = PBXFileReference; lastKnownFileType = file.storyboard; name = Base; path = Base.lproj/Main.storyboard; sourceTree = "<group>"; };
		96C09E4921A0CD9500E807A0 /* Assets.xcassets */ = {isa = PBXFileReference; lastKnownFileType = folder.assetcatalog; path = Assets.xcassets; sourceTree = "<group>"; };
		96C09E4C21A0CD9500E807A0 /* Base */ = {isa = PBXFileReference; lastKnownFileType = file.storyboard; name = Base; path = Base.lproj/LaunchScreen.storyboard; sourceTree = "<group>"; };
		96C09E4E21A0CD9500E807A0 /* Info.plist */ = {isa = PBXFileReference; lastKnownFileType = text.plist.xml; path = Info.plist; sourceTree = "<group>"; };
		96C09E6521A11F2C00E807A0 /* CarouselCell.xib */ = {isa = PBXFileReference; lastKnownFileType = file.xib; path = CarouselCell.xib; sourceTree = "<group>"; };
		96C09E6721A1200900E807A0 /* CarouselCell.swift */ = {isa = PBXFileReference; lastKnownFileType = sourcecode.swift; path = CarouselCell.swift; sourceTree = "<group>"; };
/* End PBXFileReference section */

/* Begin PBXFrameworksBuildPhase section */
		96C09E3C21A0CD9100E807A0 /* Frameworks */ = {
			isa = PBXFrameworksBuildPhase;
			buildActionMask = 2147483647;
			files = (
			);
			runOnlyForDeploymentPostprocessing = 0;
		};
/* End PBXFrameworksBuildPhase section */

/* Begin PBXGroup section */
		96B673C921A2FBB400BFBAE9 /* CarouselModel */ = {
			isa = PBXGroup;
			children = (
				96B673CC21A2FDC600BFBAE9 /* DataObjects.swift */,
			);
			path = CarouselModel;
			sourceTree = "<group>";
		};
		96B673D221A470F600BFBAE9 /* FeaturedView */ = {
			isa = PBXGroup;
			children = (
				96B673D721A4711700BFBAE9 /* FeaturedCell.swift */,
			);
			path = FeaturedView;
			sourceTree = "<group>";
		};
		96B673D921A4806300BFBAE9 /* Controller */ = {
			isa = PBXGroup;
			children = (
				96B673D521A4711000BFBAE9 /* FeaturedTableViewController.swift */,
			);
			path = Controller;
			sourceTree = "<group>";
		};
		96C09E3621A0CD9100E807A0 = {
			isa = PBXGroup;
			children = (
				96C09E4121A0CD9100E807A0 /* ShudderFeatured */,
				96C09E4021A0CD9100E807A0 /* Products */,
			);
			sourceTree = "<group>";
		};
		96C09E4021A0CD9100E807A0 /* Products */ = {
			isa = PBXGroup;
			children = (
				96C09E3F21A0CD9100E807A0 /* ShudderFeatured.app */,
			);
			name = Products;
			sourceTree = "<group>";
		};
		96C09E4121A0CD9100E807A0 /* ShudderFeatured */ = {
			isa = PBXGroup;
			children = (
				96C09E4221A0CD9200E807A0 /* AppDelegate.swift */,
				96C09E5621A0D05B00E807A0 /* Model */,
				96C09E5721A0D1A400E807A0 /* View */,
				96B673D921A4806300BFBAE9 /* Controller */,
				96C09E4921A0CD9500E807A0 /* Assets.xcassets */,
				96C09E4B21A0CD9500E807A0 /* LaunchScreen.storyboard */,
				96C09E4E21A0CD9500E807A0 /* Info.plist */,
			);
			path = ShudderFeatured;
			sourceTree = "<group>";
		};
		96C09E5621A0D05B00E807A0 /* Model */ = {
			isa = PBXGroup;
			children = (
				96B673C721A2CEF600BFBAE9 /* API.swift */,
				96B673C921A2FBB400BFBAE9 /* CarouselModel */,
			);
			path = Model;
			sourceTree = "<group>";
		};
		96C09E5721A0D1A400E807A0 /* View */ = {
			isa = PBXGroup;
			children = (
				96C09E4621A0CD9200E807A0 /* Main.storyboard */,
				96B673D221A470F600BFBAE9 /* FeaturedView */,
				96C09E5B21A0D48B00E807A0 /* CarouselView */,
			);
			path = View;
			sourceTree = "<group>";
		};
		96C09E5B21A0D48B00E807A0 /* CarouselView */ = {
			isa = PBXGroup;
			children = (
				96C09E6521A11F2C00E807A0 /* CarouselCell.xib */,
				96C09E6721A1200900E807A0 /* CarouselCell.swift */,
			);
			path = CarouselView;
			sourceTree = "<group>";
		};
/* End PBXGroup section */

/* Begin PBXNativeTarget section */
		96C09E3E21A0CD9100E807A0 /* ShudderFeatured */ = {
			isa = PBXNativeTarget;
			buildConfigurationList = 96C09E5121A0CD9500E807A0 /* Build configuration list for PBXNativeTarget "ShudderFeatured" */;
			buildPhases = (
				96C09E3B21A0CD9100E807A0 /* Sources */,
				96C09E3C21A0CD9100E807A0 /* Frameworks */,
				96C09E3D21A0CD9100E807A0 /* Resources */,
				96C09E5E21A0D66D00E807A0 /* ShellScript */,
			);
			buildRules = (
			);
			dependencies = (
			);
			name = ShudderFeatured;
			productName = ShudderFeatured;
			productReference = 96C09E3F21A0CD9100E807A0 /* ShudderFeatured.app */;
			productType = "com.apple.product-type.application";
		};
/* End PBXNativeTarget section */

/* Begin PBXProject section */
		96C09E3721A0CD9100E807A0 /* Project object */ = {
			isa = PBXProject;
			attributes = {
				LastSwiftUpdateCheck = 1010;
				LastUpgradeCheck = 1010;
				ORGANIZATIONNAME = Qasim;
				TargetAttributes = {
					96C09E3E21A0CD9100E807A0 = {
						CreatedOnToolsVersion = 10.1;
					};
				};
			};
			buildConfigurationList = 96C09E3A21A0CD9100E807A0 /* Build configuration list for PBXProject "ShudderFeatured" */;
			compatibilityVersion = "Xcode 9.3";
			developmentRegion = en;
			hasScannedForEncodings = 0;
			knownRegions = (
				en,
				Base,
			);
			mainGroup = 96C09E3621A0CD9100E807A0;
			productRefGroup = 96C09E4021A0CD9100E807A0 /* Products */;
			projectDirPath = "";
			projectRoot = "";
			targets = (
				96C09E3E21A0CD9100E807A0 /* ShudderFeatured */,
			);
		};
/* End PBXProject section */

/* Begin PBXResourcesBuildPhase section */
		96C09E3D21A0CD9100E807A0 /* Resources */ = {
			isa = PBXResourcesBuildPhase;
			buildActionMask = 2147483647;
			files = (
				96C09E4D21A0CD9500E807A0 /* LaunchScreen.storyboard in Resources */,
				96C09E4A21A0CD9500E807A0 /* Assets.xcassets in Resources */,
				96C09E6621A11F2C00E807A0 /* CarouselCell.xib in Resources */,
				96C09E4821A0CD9200E807A0 /* Main.storyboard in Resources */,
			);
			runOnlyForDeploymentPostprocessing = 0;
		};
/* End PBXResourcesBuildPhase section */

/* Begin PBXShellScriptBuildPhase section */
		96C09E5E21A0D66D00E807A0 /* ShellScript */ = {
			isa = PBXShellScriptBuildPhase;
			buildActionMask = 2147483647;
			files = (
			);
			inputFileListPaths = (
			);
			inputPaths = (
			);
			outputFileListPaths = (
			);
			outputPaths = (
			);
			runOnlyForDeploymentPostprocessing = 0;
			shellPath = /bin/sh;
			shellScript = "if which swiftlint >/dev/null; then\nswiftlint autocorrect\nswiftlint\nelse\necho \"warning: SwiftLint not installed, download from https://github.com/realm/SwiftLint\"\nfi\n";
		};
/* End PBXShellScriptBuildPhase section */

/* Begin PBXSourcesBuildPhase section */
		96C09E3B21A0CD9100E807A0 /* Sources */ = {
			isa = PBXSourcesBuildPhase;
			buildActionMask = 2147483647;
			files = (
				96C09E6821A1200900E807A0 /* CarouselCell.swift in Sources */,
				96B673D621A4711000BFBAE9 /* FeaturedTableViewController.swift in Sources */,
				96C09E4321A0CD9200E807A0 /* AppDelegate.swift in Sources */,
				96B673D821A4711700BFBAE9 /* FeaturedCell.swift in Sources */,
				96B673CD21A2FDC600BFBAE9 /* DataObjects.swift in Sources */,
				96B673C821A2CEF600BFBAE9 /* API.swift in Sources */,
			);
			runOnlyForDeploymentPostprocessing = 0;
		};
/* End PBXSourcesBuildPhase section */

/* Begin PBXVariantGroup section */
		96C09E4621A0CD9200E807A0 /* Main.storyboard */ = {
			isa = PBXVariantGroup;
			children = (
				96C09E4721A0CD9200E807A0 /* Base */,
			);
			name = Main.storyboard;
			sourceTree = "<group>";
		};
		96C09E4B21A0CD9500E807A0 /* LaunchScreen.storyboard */ = {
			isa = PBXVariantGroup;
			children = (
				96C09E4C21A0CD9500E807A0 /* Base */,
			);
			name = LaunchScreen.storyboard;
			sourceTree = "<group>";
		};
/* End PBXVariantGroup section */

/* Begin XCBuildConfiguration section */
		96C09E4F21A0CD9500E807A0 /* Debug */ = {
			isa = XCBuildConfiguration;
			buildSettings = {
				ALWAYS_SEARCH_USER_PATHS = NO;
				CLANG_ANALYZER_NONNULL = YES;
				CLANG_ANALYZER_NUMBER_OBJECT_CONVERSION = YES_AGGRESSIVE;
				CLANG_CXX_LANGUAGE_STANDARD = "gnu++14";
				CLANG_CXX_LIBRARY = "libc++";
				CLANG_ENABLE_MODULES = YES;
				CLANG_ENABLE_OBJC_ARC = YES;
				CLANG_ENABLE_OBJC_WEAK = YES;
				CLANG_WARN_BLOCK_CAPTURE_AUTORELEASING = YES;
				CLANG_WARN_BOOL_CONVERSION = YES;
				CLANG_WARN_COMMA = YES;
				CLANG_WARN_CONSTANT_CONVERSION = YES;
				CLANG_WARN_DEPRECATED_OBJC_IMPLEMENTATIONS = YES;
				CLANG_WARN_DIRECT_OBJC_ISA_USAGE = YES_ERROR;
				CLANG_WARN_DOCUMENTATION_COMMENTS = YES;
				CLANG_WARN_EMPTY_BODY = YES;
				CLANG_WARN_ENUM_CONVERSION = YES;
				CLANG_WARN_INFINITE_RECURSION = YES;
				CLANG_WARN_INT_CONVERSION = YES;
				CLANG_WARN_NON_LITERAL_NULL_CONVERSION = YES;
				CLANG_WARN_OBJC_IMPLICIT_RETAIN_SELF = YES;
				CLANG_WARN_OBJC_LITERAL_CONVERSION = YES;
				CLANG_WARN_OBJC_ROOT_CLASS = YES_ERROR;
				CLANG_WARN_RANGE_LOOP_ANALYSIS = YES;
				CLANG_WARN_STRICT_PROTOTYPES = YES;
				CLANG_WARN_SUSPICIOUS_MOVE = YES;
				CLANG_WARN_UNGUARDED_AVAILABILITY = YES_AGGRESSIVE;
				CLANG_WARN_UNREACHABLE_CODE = YES;
				CLANG_WARN__DUPLICATE_METHOD_MATCH = YES;
				CODE_SIGN_IDENTITY = "iPhone Developer";
				COPY_PHASE_STRIP = NO;
				DEBUG_INFORMATION_FORMAT = dwarf;
				ENABLE_STRICT_OBJC_MSGSEND = YES;
				ENABLE_TESTABILITY = YES;
				GCC_C_LANGUAGE_STANDARD = gnu11;
				GCC_DYNAMIC_NO_PIC = NO;
				GCC_NO_COMMON_BLOCKS = YES;
				GCC_OPTIMIZATION_LEVEL = 0;
				GCC_PREPROCESSOR_DEFINITIONS = (
					"DEBUG=1",
					"$(inherited)",
				);
				GCC_WARN_64_TO_32_BIT_CONVERSION = YES;
				GCC_WARN_ABOUT_RETURN_TYPE = YES_ERROR;
				GCC_WARN_UNDECLARED_SELECTOR = YES;
				GCC_WARN_UNINITIALIZED_AUTOS = YES_AGGRESSIVE;
				GCC_WARN_UNUSED_FUNCTION = YES;
				GCC_WARN_UNUSED_VARIABLE = YES;
				IPHONEOS_DEPLOYMENT_TARGET = 12.1;
				MTL_ENABLE_DEBUG_INFO = INCLUDE_SOURCE;
				MTL_FAST_MATH = YES;
				ONLY_ACTIVE_ARCH = YES;
				SDKROOT = iphoneos;
				SWIFT_ACTIVE_COMPILATION_CONDITIONS = DEBUG;
				SWIFT_OPTIMIZATION_LEVEL = "-Onone";
			};
			name = Debug;
		};
		96C09E5021A0CD9500E807A0 /* Release */ = {
			isa = XCBuildConfiguration;
			buildSettings = {
				ALWAYS_SEARCH_USER_PATHS = NO;
				CLANG_ANALYZER_NONNULL = YES;
				CLANG_ANALYZER_NUMBER_OBJECT_CONVERSION = YES_AGGRESSIVE;
				CLANG_CXX_LANGUAGE_STANDARD = "gnu++14";
				CLANG_CXX_LIBRARY = "libc++";
				CLANG_ENABLE_MODULES = YES;
				CLANG_ENABLE_OBJC_ARC = YES;
				CLANG_ENABLE_OBJC_WEAK = YES;
				CLANG_WARN_BLOCK_CAPTURE_AUTORELEASING = YES;
				CLANG_WARN_BOOL_CONVERSION = YES;
				CLANG_WARN_COMMA = YES;
				CLANG_WARN_CONSTANT_CONVERSION = YES;
				CLANG_WARN_DEPRECATED_OBJC_IMPLEMENTATIONS = YES;
				CLANG_WARN_DIRECT_OBJC_ISA_USAGE = YES_ERROR;
				CLANG_WARN_DOCUMENTATION_COMMENTS = YES;
				CLANG_WARN_EMPTY_BODY = YES;
				CLANG_WARN_ENUM_CONVERSION = YES;
				CLANG_WARN_INFINITE_RECURSION = YES;
				CLANG_WARN_INT_CONVERSION = YES;
				CLANG_WARN_NON_LITERAL_NULL_CONVERSION = YES;
				CLANG_WARN_OBJC_IMPLICIT_RETAIN_SELF = YES;
				CLANG_WARN_OBJC_LITERAL_CONVERSION = YES;
				CLANG_WARN_OBJC_ROOT_CLASS = YES_ERROR;
				CLANG_WARN_RANGE_LOOP_ANALYSIS = YES;
				CLANG_WARN_STRICT_PROTOTYPES = YES;
				CLANG_WARN_SUSPICIOUS_MOVE = YES;
				CLANG_WARN_UNGUARDED_AVAILABILITY = YES_AGGRESSIVE;
				CLANG_WARN_UNREACHABLE_CODE = YES;
				CLANG_WARN__DUPLICATE_METHOD_MATCH = YES;
				CODE_SIGN_IDENTITY = "iPhone Developer";
				COPY_PHASE_STRIP = NO;
				DEBUG_INFORMATION_FORMAT = "dwarf-with-dsym";
				ENABLE_NS_ASSERTIONS = NO;
				ENABLE_STRICT_OBJC_MSGSEND = YES;
				GCC_C_LANGUAGE_STANDARD = gnu11;
				GCC_NO_COMMON_BLOCKS = YES;
				GCC_WARN_64_TO_32_BIT_CONVERSION = YES;
				GCC_WARN_ABOUT_RETURN_TYPE = YES_ERROR;
				GCC_WARN_UNDECLARED_SELECTOR = YES;
				GCC_WARN_UNINITIALIZED_AUTOS = YES_AGGRESSIVE;
				GCC_WARN_UNUSED_FUNCTION = YES;
				GCC_WARN_UNUSED_VARIABLE = YES;
				IPHONEOS_DEPLOYMENT_TARGET = 12.1;
				MTL_ENABLE_DEBUG_INFO = NO;
				MTL_FAST_MATH = YES;
				SDKROOT = iphoneos;
				SWIFT_COMPILATION_MODE = wholemodule;
				SWIFT_OPTIMIZATION_LEVEL = "-O";
				VALIDATE_PRODUCT = YES;
			};
			name = Release;
		};
		96C09E5221A0CD9500E807A0 /* Debug */ = {
			isa = XCBuildConfiguration;
			buildSettings = {
				ASSETCATALOG_COMPILER_APPICON_NAME = AppIcon;
				CODE_SIGN_STYLE = Automatic;
				DEVELOPMENT_TEAM = M8DY28XM67;
				INFOPLIST_FILE = ShudderFeatured/Info.plist;
				LD_RUNPATH_SEARCH_PATHS = (
					"$(inherited)",
					"@executable_path/Frameworks",
				);
				PRODUCT_BUNDLE_IDENTIFIER = com.Qasim.ShudderFeatured;
				PRODUCT_NAME = "$(TARGET_NAME)";
				SWIFT_VERSION = 4.2;
				TARGETED_DEVICE_FAMILY = "1,2";
			};
			name = Debug;
		};
		96C09E5321A0CD9500E807A0 /* Release */ = {
			isa = XCBuildConfiguration;
			buildSettings = {
				ASSETCATALOG_COMPILER_APPICON_NAME = AppIcon;
				CODE_SIGN_STYLE = Automatic;
				DEVELOPMENT_TEAM = M8DY28XM67;
				INFOPLIST_FILE = ShudderFeatured/Info.plist;
				LD_RUNPATH_SEARCH_PATHS = (
					"$(inherited)",
					"@executable_path/Frameworks",
				);
				PRODUCT_BUNDLE_IDENTIFIER = com.Qasim.ShudderFeatured;
				PRODUCT_NAME = "$(TARGET_NAME)";
				SWIFT_VERSION = 4.2;
				TARGETED_DEVICE_FAMILY = "1,2";
			};
			name = Release;
		};
/* End XCBuildConfiguration section */

/* Begin XCConfigurationList section */
		96C09E3A21A0CD9100E807A0 /* Build configuration list for PBXProject "ShudderFeatured" */ = {
			isa = XCConfigurationList;
			buildConfigurations = (
				96C09E4F21A0CD9500E807A0 /* Debug */,
				96C09E5021A0CD9500E807A0 /* Release */,
			);
			defaultConfigurationIsVisible = 0;
			defaultConfigurationName = Release;
		};
		96C09E5121A0CD9500E807A0 /* Build configuration list for PBXNativeTarget "ShudderFeatured" */ = {
			isa = XCConfigurationList;
			buildConfigurations = (
				96C09E5221A0CD9500E807A0 /* Debug */,
				96C09E5321A0CD9500E807A0 /* Release */,
			);
			defaultConfigurationIsVisible = 0;
			defaultConfigurationName = Release;
		};
/* End XCConfigurationList section */
	};
	rootObject = 96C09E3721A0CD9100E807A0 /* Project object */;
}
